
Microsoft Visual Studio Solution File, Format Version 12.00
# Visual Studio Version 16
VisualStudioVersion = 16.0.33328.57
MinimumVisualStudioVersion = 10.0.40219.1
Project("{FAE04EC0-301F-11D3-BF4B-00C04F79EFBC}") = "APITest", "APITest.csproj", "{A4DB48F1-63F6-4380-84B6-8E07A8B83BEB}"
EndProject
Global
	GlobalSection(SolutionConfigurationPlatforms) = preSolution
		Debug|Any CPU = Debug|Any CPU
		Release|Any CPU = Release|Any CPU
	EndGlobalSection
	GlobalSection(ProjectConfigurationPlatforms) = postSolution
		{A4DB48F1-63F6-4380-84B6-8E07A8B83BEB}.Debug|Any CPU.ActiveCfg = Debug|Any CPU
		{A4DB48F1-63F6-4380-84B6-8E07A8B83BEB}.Debug|Any CPU.Build.0 = Debug|Any CPU
		{A4DB48F1-63F6-4380-84B6-8E07A8B83BEB}.Release|Any CPU.ActiveCfg = Release|Any CPU
		{A4DB48F1-63F6-4380-84B6-8E07A8B83BEB}.Release|Any CPU.Build.0 = Release|Any CPU
	EndGlobalSection
	GlobalSection(SolutionProperties) = preSolution
		HideSolutionNode = FALSE
	EndGlobalSection
	GlobalSection(ExtensibilityGlobals) = postSolution
		SolutionGuid = {2670D047-503F-4727-A756-7ED7E4146B59}
	EndGlobalSection
EndGlobal
